
Microsoft Visual Studio Solution File, Format Version 12.00
# Visual Studio 15
VisualStudioVersion = 15.0.27703.2000
MinimumVisualStudioVersion = 10.0.40219.1
Project("{8BC9CEB8-8B4A-11D0-8D11-00A0C91BC942}") = "BankHeist", "BankHeist\BankHeist.vcxproj", "{133C73DA-3045-4D23-82B9-A933D7271DEF}"
EndProject
Global
	GlobalSection(SolutionConfigurationPlatforms) = preSolution
		Debug|x64 = Debug|x64
		Debug|x86 = Debug|x86
		Release|x64 = Release|x64
		Release|x86 = Release|x86
	EndGlobalSection
	GlobalSection(ProjectConfigurationPlatforms) = postSolution
		{133C73DA-3045-4D23-82B9-A933D7271DEF}.Debug|x64.ActiveCfg = Debug|x64
		{133C73DA-3045-4D23-82B9-A933D7271DEF}.Debug|x64.Build.0 = Debug|x64
		{133C73DA-3045-4D23-82B9-A933D7271DEF}.Debug|x86.ActiveCfg = Debug|Win32
		{133C73DA-3045-4D23-82B9-A933D7271DEF}.Debug|x86.Build.0 = Debug|Win32
		{133C73DA-3045-4D23-82B9-A933D7271DEF}.Release|x64.ActiveCfg = Release|x64
		{133C73DA-3045-4D23-82B9-A933D7271DEF}.Release|x64.Build.0 = Release|x64
		{133C73DA-3045-4D23-82B9-A933D7271DEF}.Release|x86.ActiveCfg = Release|Win32
		{133C73DA-3045-4D23-82B9-A933D7271DEF}.Release|x86.Build.0 = Release|Win32
	EndGlobalSection
	GlobalSection(SolutionProperties) = preSolution
		HideSolutionNode = FALSE
	EndGlobalSection
	GlobalSection(ExtensibilityGlobals) = postSolution
		SolutionGuid = {09467138-B5FD-41CC-B375-FED191661E58}
	EndGlobalSection
EndGlobal
